schema: '2.0'
stages:
  get_data:
    cmd: python get_data.py
    deps:
    - path: get_data.py
      md5: 1db5f442403042e0403c75132fe59af4
      size: 498
    outs:
    - path: data_raw.csv
      md5: a6aec8da63a5fa2619af025a76746f29
      size: 68868
  process:
    cmd: python process_data.py
    deps:
    - path: data_raw.csv
      md5: a6aec8da63a5fa2619af025a76746f29
      size: 68868
    - path: process_data.py
      md5: 79b357c12f171f3d07c76780815b651c
      size: 900
    outs:
    - path: data_processed.csv
      md5: 03269b6c0a766dc80e090326008765b3
      size: 24227
  train:
    cmd: python train.py
    deps:
    - path: data_processed.csv
      md5: 03269b6c0a766dc80e090326008765b3
      size: 24227
    - path: train.py
      md5: 077934c393fb9b749a38e518b360b287
      size: 1584
    outs:
    - path: metrics.json
      md5: 39099686927622a80e9aaacbf24a35a0
      size: 88
